
Microsoft Visual Studio Solution File, Format Version 12.00
# Visual Studio 15
Project("{FAE04EC0-301F-11D3-BF4B-00C04F79EFBC}") = "Assembly-CSharp", "Assembly-CSharp.csproj", "{13D3A22B-9A95-CEB5-4703-223DE83C542E}"
EndProject
Project("{FAE04EC0-301F-11D3-BF4B-00C04F79EFBC}") = "Assembly-CSharp-firstpass", "Assembly-CSharp-firstpass.csproj", "{804E032A-73AA-1AE6-A407-80095C228F59}"
EndProject
Project("{FAE04EC0-301F-11D3-BF4B-00C04F79EFBC}") = "Assembly-CSharp-Editor-firstpass", "Assembly-CSharp-Editor-firstpass.csproj", "{61D888A1-A01D-6FA1-F856-86118C43EFC2}"
EndProject
Global
	GlobalSection(SolutionConfigurationPlatforms) = preSolution
		Debug|Any CPU = Debug|Any CPU
		Release|Any CPU = Release|Any CPU
	EndGlobalSection
	GlobalSection(ProjectConfigurationPlatforms) = postSolution
		{13D3A22B-9A95-CEB5-4703-223DE83C542E}.Debug|Any CPU.ActiveCfg = Debug|Any CPU
		{13D3A22B-9A95-CEB5-4703-223DE83C542E}.Debug|Any CPU.Build.0 = Debug|Any CPU
		{13D3A22B-9A95-CEB5-4703-223DE83C542E}.Release|Any CPU.ActiveCfg = Release|Any CPU
		{13D3A22B-9A95-CEB5-4703-223DE83C542E}.Release|Any CPU.Build.0 = Release|Any CPU
		{804E032A-73AA-1AE6-A407-80095C228F59}.Debug|Any CPU.ActiveCfg = Debug|Any CPU
		{804E032A-73AA-1AE6-A407-80095C228F59}.Debug|Any CPU.Build.0 = Debug|Any CPU
		{804E032A-73AA-1AE6-A407-80095C228F59}.Release|Any CPU.ActiveCfg = Release|Any CPU
		{804E032A-73AA-1AE6-A407-80095C228F59}.Release|Any CPU.Build.0 = Release|Any CPU
		{61D888A1-A01D-6FA1-F856-86118C43EFC2}.Debug|Any CPU.ActiveCfg = Debug|Any CPU
		{61D888A1-A01D-6FA1-F856-86118C43EFC2}.Debug|Any CPU.Build.0 = Debug|Any CPU
		{61D888A1-A01D-6FA1-F856-86118C43EFC2}.Release|Any CPU.ActiveCfg = Release|Any CPU
		{61D888A1-A01D-6FA1-F856-86118C43EFC2}.Release|Any CPU.Build.0 = Release|Any CPU
	EndGlobalSection
	GlobalSection(SolutionProperties) = preSolution
		HideSolutionNode = FALSE
	EndGlobalSection
EndGlobal
