
Microsoft Visual Studio Solution File, Format Version 12.00
# Visual Studio 15
Project("{FAE04EC0-301F-11D3-BF4B-00C04F79EFBC}") = "Assembly-CSharp", "Assembly-CSharp.csproj", "{5C7B5810-F97A-7FD7-B204-52139CB2FB39}"
EndProject
Project("{FAE04EC0-301F-11D3-BF4B-00C04F79EFBC}") = "Assembly-CSharp-firstpass", "Assembly-CSharp-firstpass.csproj", "{D42E2B5C-8B01-8399-B473-79AC84870CF2}"
EndProject
Project("{FAE04EC0-301F-11D3-BF4B-00C04F79EFBC}") = "CFXRRuntime", "CFXRRuntime.csproj", "{62C16841-DBF5-C82E-456F-42F6A06A2265}"
EndProject
Project("{FAE04EC0-301F-11D3-BF4B-00C04F79EFBC}") = "CFXRDemo", "CFXRDemo.csproj", "{DD1EE203-2F56-ECCC-3B70-CCEEAAEC8A79}"
EndProject
Project("{FAE04EC0-301F-11D3-BF4B-00C04F79EFBC}") = "Assembly-CSharp-Editor-firstpass", "Assembly-CSharp-Editor-firstpass.csproj", "{C61B732B-EF65-1D89-9BF6-7D12845AD532}"
EndProject
Project("{FAE04EC0-301F-11D3-BF4B-00C04F79EFBC}") = "Assembly-CSharp-Editor", "Assembly-CSharp-Editor.csproj", "{02C058AD-4D53-672B-2D88-839745E045D1}"
EndProject
Project("{FAE04EC0-301F-11D3-BF4B-00C04F79EFBC}") = "CFXREditor", "CFXREditor.csproj", "{80E2AFD0-AA1E-FCB7-A74F-8B60AC7A97D3}"
EndProject
Project("{FAE04EC0-301F-11D3-BF4B-00C04F79EFBC}") = "CFXRDemoEditor", "CFXRDemoEditor.csproj", "{5E83A358-C8F2-14F9-FBE4-D2BC565B114B}"
EndProject
Global
	GlobalSection(SolutionConfigurationPlatforms) = preSolution
		Debug|Any CPU = Debug|Any CPU
		Release|Any CPU = Release|Any CPU
	EndGlobalSection
	GlobalSection(ProjectConfigurationPlatforms) = postSolution
		{5C7B5810-F97A-7FD7-B204-52139CB2FB39}.Debug|Any CPU.ActiveCfg = Debug|Any CPU
		{5C7B5810-F97A-7FD7-B204-52139CB2FB39}.Debug|Any CPU.Build.0 = Debug|Any CPU
		{5C7B5810-F97A-7FD7-B204-52139CB2FB39}.Release|Any CPU.ActiveCfg = Release|Any CPU
		{5C7B5810-F97A-7FD7-B204-52139CB2FB39}.Release|Any CPU.Build.0 = Release|Any CPU
		{D42E2B5C-8B01-8399-B473-79AC84870CF2}.Debug|Any CPU.ActiveCfg = Debug|Any CPU
		{D42E2B5C-8B01-8399-B473-79AC84870CF2}.Debug|Any CPU.Build.0 = Debug|Any CPU
		{D42E2B5C-8B01-8399-B473-79AC84870CF2}.Release|Any CPU.ActiveCfg = Release|Any CPU
		{D42E2B5C-8B01-8399-B473-79AC84870CF2}.Release|Any CPU.Build.0 = Release|Any CPU
		{62C16841-DBF5-C82E-456F-42F6A06A2265}.Debug|Any CPU.ActiveCfg = Debug|Any CPU
		{62C16841-DBF5-C82E-456F-42F6A06A2265}.Debug|Any CPU.Build.0 = Debug|Any CPU
		{62C16841-DBF5-C82E-456F-42F6A06A2265}.Release|Any CPU.ActiveCfg = Release|Any CPU
		{62C16841-DBF5-C82E-456F-42F6A06A2265}.Release|Any CPU.Build.0 = Release|Any CPU
		{DD1EE203-2F56-ECCC-3B70-CCEEAAEC8A79}.Debug|Any CPU.ActiveCfg = Debug|Any CPU
		{DD1EE203-2F56-ECCC-3B70-CCEEAAEC8A79}.Debug|Any CPU.Build.0 = Debug|Any CPU
		{DD1EE203-2F56-ECCC-3B70-CCEEAAEC8A79}.Release|Any CPU.ActiveCfg = Release|Any CPU
		{DD1EE203-2F56-ECCC-3B70-CCEEAAEC8A79}.Release|Any CPU.Build.0 = Release|Any CPU
		{C61B732B-EF65-1D89-9BF6-7D12845AD532}.Debug|Any CPU.ActiveCfg = Debug|Any CPU
		{C61B732B-EF65-1D89-9BF6-7D12845AD532}.Debug|Any CPU.Build.0 = Debug|Any CPU
		{C61B732B-EF65-1D89-9BF6-7D12845AD532}.Release|Any CPU.ActiveCfg = Release|Any CPU
		{C61B732B-EF65-1D89-9BF6-7D12845AD532}.Release|Any CPU.Build.0 = Release|Any CPU
		{02C058AD-4D53-672B-2D88-839745E045D1}.Debug|Any CPU.ActiveCfg = Debug|Any CPU
		{02C058AD-4D53-672B-2D88-839745E045D1}.Debug|Any CPU.Build.0 = Debug|Any CPU
		{02C058AD-4D53-672B-2D88-839745E045D1}.Release|Any CPU.ActiveCfg = Release|Any CPU
		{02C058AD-4D53-672B-2D88-839745E045D1}.Release|Any CPU.Build.0 = Release|Any CPU
		{80E2AFD0-AA1E-FCB7-A74F-8B60AC7A97D3}.Debug|Any CPU.ActiveCfg = Debug|Any CPU
		{80E2AFD0-AA1E-FCB7-A74F-8B60AC7A97D3}.Debug|Any CPU.Build.0 = Debug|Any CPU
		{80E2AFD0-AA1E-FCB7-A74F-8B60AC7A97D3}.Release|Any CPU.ActiveCfg = Release|Any CPU
		{80E2AFD0-AA1E-FCB7-A74F-8B60AC7A97D3}.Release|Any CPU.Build.0 = Release|Any CPU
		{5E83A358-C8F2-14F9-FBE4-D2BC565B114B}.Debug|Any CPU.ActiveCfg = Debug|Any CPU
		{5E83A358-C8F2-14F9-FBE4-D2BC565B114B}.Debug|Any CPU.Build.0 = Debug|Any CPU
		{5E83A358-C8F2-14F9-FBE4-D2BC565B114B}.Release|Any CPU.ActiveCfg = Release|Any CPU
		{5E83A358-C8F2-14F9-FBE4-D2BC565B114B}.Release|Any CPU.Build.0 = Release|Any CPU
	EndGlobalSection
	GlobalSection(SolutionProperties) = preSolution
		HideSolutionNode = FALSE
	EndGlobalSection
EndGlobal
